PODS:
  - apple_maps_flutter (0.0.1):
    - Flutter
  - charset_converter (0.0.1):
    - Flutter
  - Flutter (1.0.0)

DEPENDENCIES:
  - apple_maps_flutter (from `.symlinks/plugins/apple_maps_flutter/ios`)
  - charset_converter (from `.symlinks/plugins/charset_converter/ios`)
  - Flutter (from `Flutter`)

EXTERNAL SOURCES:
  apple_maps_flutter:
    :path: ".symlinks/plugins/apple_maps_flutter/ios"
  charset_converter:
    :path: ".symlinks/plugins/charset_converter/ios"
  Flutter:
    :path: Flutter

SPEC CHECKSUMS:
  apple_maps_flutter: 2237d66a8e242082a2d88134af372f7b3375d7a6
  charset_converter: 82bc1d2e3c70dcb51bf769e9772e3ae5b2571695
  Flutter: cabc95a1d2626b1b06e7179b784ebcf0c0cde467

PODFILE CHECKSUM: f8c2dcdfb50bb67645580d28a6bf814fca30bdec

COCOAPODS: 1.16.2
